{
  "name": "assets",
  "lockfileVersion": 3,
  "requires": true,
  "packages": {
    "": {
      "dependencies": {
        "@fontsource/zen-kaku-gothic-new": "^5.0.16",
        "highlight.js": "^11.9.0"
      }
    },
    "node_modules/@fontsource/zen-kaku-gothic-new": {
      "version": "5.0.16",
      "resolved": "https://registry.npmjs.org/@fontsource/zen-kaku-gothic-new/-/zen-kaku-gothic-new-5.0.16.tgz",
      "integrity": "sha512-oXWt7QViB33AwyYkFRXDCE5zblQXT1IOFGRz/NtFQD15SKIS4HpIpXH7ob4nRqrEfYQ/Oa7oqVif6OuFugSBQg=="
    },
    "node_modules/highlight.js": {
      "version": "11.9.0",
      "resolved": "https://registry.npmjs.org/highlight.js/-/highlight.js-11.9.0.tgz",
      "integrity": "sha512-fJ7cW7fQGCYAkgv4CPfwFHrfd/cLS4Hau96JuJ+ZTOWhjnhoeN1ub1tFmALm/+lW5z4WCAuAV9bm05AP0mS6Gw==",
      "engines": {
        "node": ">=12.0.0"
      }
    }
  }
}
